
Microsoft Visual Studio Solution File, Format Version 12.00
# Visual Studio 15
VisualStudioVersion = 15.0.28307.421
MinimumVisualStudioVersion = 10.0.40219.1
Project("{FAE04EC0-301F-11D3-BF4B-00C04F79EFBC}") = "MemorySharp", "MemorySharp\MemorySharp.csproj", "{78A6F97D-5CA8-4E92-8E17-2545983C9555}"
EndProject
Project("{FAE04EC0-301F-11D3-BF4B-00C04F79EFBC}") = "IntegrationTests", "IntegrationTests\IntegrationTests.csproj", "{E3EFE942-113F-46AA-9CF4-A51473D9E8B8}"
EndProject
Project("{2150E333-8FDC-42A3-9474-1A3956D46DE8}") = "Solution Items", "Solution Items", "{84C4DD62-B81F-4116-A853-29A21EE74A99}"
	ProjectSection(SolutionItems) = preProject
		..\.gitignore = ..\.gitignore
		..\CHANGELOG.md = ..\CHANGELOG.md
		..\LICENSE = ..\LICENSE
		..\README.md = ..\README.md
	EndProjectSection
EndProject
Project("{2150E333-8FDC-42A3-9474-1A3956D46DE8}") = "src", "src", "{8CE5378B-EF17-465D-AB2E-1394ECA7BB7E}"
EndProject
Project("{2150E333-8FDC-42A3-9474-1A3956D46DE8}") = "test", "test", "{93385C92-5674-4822-9665-7F2541826856}"
EndProject
Global
	GlobalSection(SolutionConfigurationPlatforms) = preSolution
		Debug|Any CPU = Debug|Any CPU
		Debug|x64 = Debug|x64
		Debug|x86 = Debug|x86
		Release|Any CPU = Release|Any CPU
		Release|x64 = Release|x64
		Release|x86 = Release|x86
	EndGlobalSection
	GlobalSection(ProjectConfigurationPlatforms) = postSolution
		{78A6F97D-5CA8-4E92-8E17-2545983C9555}.Debug|Any CPU.ActiveCfg = Debug|Any CPU
		{78A6F97D-5CA8-4E92-8E17-2545983C9555}.Debug|Any CPU.Build.0 = Debug|Any CPU
		{78A6F97D-5CA8-4E92-8E17-2545983C9555}.Debug|x64.ActiveCfg = Debug|Any CPU
		{78A6F97D-5CA8-4E92-8E17-2545983C9555}.Debug|x64.Build.0 = Debug|Any CPU
		{78A6F97D-5CA8-4E92-8E17-2545983C9555}.Debug|x86.ActiveCfg = Debug|Any CPU
		{78A6F97D-5CA8-4E92-8E17-2545983C9555}.Debug|x86.Build.0 = Debug|Any CPU
		{78A6F97D-5CA8-4E92-8E17-2545983C9555}.Release|Any CPU.ActiveCfg = Release|Any CPU
		{78A6F97D-5CA8-4E92-8E17-2545983C9555}.Release|Any CPU.Build.0 = Release|Any CPU
		{78A6F97D-5CA8-4E92-8E17-2545983C9555}.Release|x64.ActiveCfg = Release|x64
		{78A6F97D-5CA8-4E92-8E17-2545983C9555}.Release|x64.Build.0 = Release|x64
		{78A6F97D-5CA8-4E92-8E17-2545983C9555}.Release|x86.ActiveCfg = Release|x86
		{78A6F97D-5CA8-4E92-8E17-2545983C9555}.Release|x86.Build.0 = Release|x86
		{E3EFE942-113F-46AA-9CF4-A51473D9E8B8}.Debug|Any CPU.ActiveCfg = Debug|Any CPU
		{E3EFE942-113F-46AA-9CF4-A51473D9E8B8}.Debug|Any CPU.Build.0 = Debug|Any CPU
		{E3EFE942-113F-46AA-9CF4-A51473D9E8B8}.Debug|x64.ActiveCfg = Debug|x64
		{E3EFE942-113F-46AA-9CF4-A51473D9E8B8}.Debug|x64.Build.0 = Debug|x64
		{E3EFE942-113F-46AA-9CF4-A51473D9E8B8}.Debug|x86.ActiveCfg = Debug|x86
		{E3EFE942-113F-46AA-9CF4-A51473D9E8B8}.Debug|x86.Build.0 = Debug|x86
		{E3EFE942-113F-46AA-9CF4-A51473D9E8B8}.Release|Any CPU.ActiveCfg = Release|Any CPU
		{E3EFE942-113F-46AA-9CF4-A51473D9E8B8}.Release|Any CPU.Build.0 = Release|Any CPU
		{E3EFE942-113F-46AA-9CF4-A51473D9E8B8}.Release|x64.ActiveCfg = Release|x64
		{E3EFE942-113F-46AA-9CF4-A51473D9E8B8}.Release|x64.Build.0 = Release|x64
		{E3EFE942-113F-46AA-9CF4-A51473D9E8B8}.Release|x86.ActiveCfg = Release|x86
		{E3EFE942-113F-46AA-9CF4-A51473D9E8B8}.Release|x86.Build.0 = Release|x86
	EndGlobalSection
	GlobalSection(SolutionProperties) = preSolution
		HideSolutionNode = FALSE
	EndGlobalSection
	GlobalSection(NestedProjects) = preSolution
		{78A6F97D-5CA8-4E92-8E17-2545983C9555} = {8CE5378B-EF17-465D-AB2E-1394ECA7BB7E}
		{E3EFE942-113F-46AA-9CF4-A51473D9E8B8} = {93385C92-5674-4822-9665-7F2541826856}
	EndGlobalSection
	GlobalSection(ExtensibilityGlobals) = postSolution
		SolutionGuid = {02CD35CB-EA79-4EC7-9E43-E1D4D8A76AE4}
	EndGlobalSection
EndGlobal
